{
  "requires": true,
  "lockfileVersion": 1,
  "dependencies": {
    "cordova-plugin-camera": {
      "version": "2.4.1",
      "resolved": "https://registry.npmjs.org/cordova-plugin-camera/-/cordova-plugin-camera-2.4.1.tgz",
      "integrity": "sha1-GV404S22TxxJ52T31OPyYao9lME=",
      "dev": true
    },
    "cordova-plugin-media": {
      "version": "5.0.3",
      "resolved": "https://registry.npmjs.org/cordova-plugin-media/-/cordova-plugin-media-5.0.3.tgz",
      "integrity": "sha512-UQPFlpk1zL4BY44zGi8RVmYCvcKBCN4Dyf8ovxqGYCC8zR1yhbTRWYDdO9vJdERwbfgWV7+z7FMWiSUfqWm9bQ=="
    },
    "cordova-plugin-media-capture": {
      "version": "1.4.3",
      "resolved": "https://registry.npmjs.org/cordova-plugin-media-capture/-/cordova-plugin-media-capture-1.4.3.tgz",
      "integrity": "sha1-IOO74zT7uJ9iSwIYjqxTcnQ5IPo="
    }
  }
}
